# THIS IS AN AUTOGENERATED FILE. DO NOT EDIT THIS FILE DIRECTLY.
# yarn lockfile v1


"@babel/code-frame@^7.0.0", "@babel/code-frame@^7.5.5":
  version "7.5.5"
  resolved "https://registry.npm.taobao.org/@babel/code-frame/download/@babel/code-frame-7.5.5.tgz#bc0782f6d69f7b7d49531219699b988f669a8f9d"
  dependencies:
    "@babel/highlight" "^7.0.0"

"@babel/generator@^7.6.2":
  version "7.6.2"
  resolved "https://registry.npm.taobao.org/@babel/generator/download/@babel/generator-7.6.2.tgz#dac8a3c2df118334c2a29ff3446da1636a8f8c03"
  dependencies:
    "@babel/types" "^7.6.0"
    jsesc "^2.5.1"
    lodash "^4.17.13"
    source-map "^0.5.0"

"@babel/helper-function-name@^7.1.0":
  version "7.1.0"
  resolved "https://registry.npm.taobao.org/@babel/helper-function-name/download/@babel/helper-function-name-7.1.0.tgz#a0ceb01685f73355d4360c1247f582bfafc8ff53"
  dependencies:
    "@babel/helper-get-function-arity" "^7.0.0"
    "@babel/template" "^7.1.0"
    "@babel/types" "^7.0.0"

"@babel/helper-get-function-arity@^7.0.0":
  version "7.0.0"
  resolved "https://registry.npm.taobao.org/@babel/helper-get-function-arity/download/@babel/helper-get-function-arity-7.0.0.tgz#83572d4320e2a4657263734113c42868b64e49c3"
  dependencies:
    "@babel/types" "^7.0.0"

"@babel/helper-split-export-declaration@^7.4.4":
  version "7.4.4"
  resolved "https://registry.npm.taobao.org/@babel/helper-split-export-declaration/download/@babel/helper-split-export-declaration-7.4.4.tgz#ff94894a340be78f53f06af038b205c49d993677"
  dependencies:
    "@babel/types" "^7.4.4"

"@babel/highlight@^7.0.0":
  version "7.5.0"
  resolved "https://registry.npm.taobao.org/@babel/highlight/download/@babel/highlight-7.5.0.tgz#56d11312bd9248fa619591d02472be6e8cb32540"
  dependencies:
    chalk "^2.0.0"
    esutils "^2.0.2"
    js-tokens "^4.0.0"

"@babel/parser@^7.6.0", "@babel/parser@^7.6.2":
  version "7.6.2"
  resolved "https://registry.npm.taobao.org/@babel/parser/download/@babel/parser-7.6.2.tgz?cache=0&sync_timestamp=1569286295205&other_urls=https%3A%2F%2Fregistry.npm.taobao.org%2F%40babel%2Fparser%2Fdownload%2F%40babel%2Fparser-7.6.2.tgz#205e9c95e16ba3b8b96090677a67c9d6075b70a1"

"@babel/template@^7.1.0":
  version "7.6.0"
  resolved "https://registry.npm.taobao.org/@babel/template/download/@babel/template-7.6.0.tgz#7f0159c7f5012230dad64cca42ec9bdb5c9536e6"
  dependencies:
    "@babel/code-frame" "^7.0.0"
    "@babel/parser" "^7.6.0"
    "@babel/types" "^7.6.0"

"@babel/traverse@^7.6.2":
  version "7.6.2"
  resolved "https://registry.npm.taobao.org/@babel/traverse/download/@babel/traverse-7.6.2.tgz#b0e2bfd401d339ce0e6c05690206d1e11502ce2c"
  dependencies:
    "@babel/code-frame" "^7.5.5"
    "@babel/generator" "^7.6.2"
    "@babel/helper-function-name" "^7.1.0"
    "@babel/helper-split-export-declaration" "^7.4.4"
    "@babel/parser" "^7.6.2"
    "@babel/types" "^7.6.0"
    debug "^4.1.0"
    globals "^11.1.0"
    lodash "^4.17.13"

"@babel/types@^7.0.0", "@babel/types@^7.4.4", "@babel/types@^7.6.0", "@babel/types@^7.6.1":
  version "7.6.1"
  resolved "https://registry.npm.taobao.org/@babel/types/download/@babel/types-7.6.1.tgz?cache=0&sync_timestamp=1567831650694&other_urls=https%3A%2F%2Fregistry.npm.taobao.org%2F%40babel%2Ftypes%2Fdownload%2F%40babel%2Ftypes-7.6.1.tgz#53abf3308add3ac2a2884d539151c57c4b3ac648"
  dependencies:
    esutils "^2.0.2"
    lodash "^4.17.13"
    to-fast-properties "^2.0.0"

ansi-styles@^3.2.1:
  version "3.2.1"
  resolved "https://registry.npm.taobao.org/ansi-styles/download/ansi-styles-3.2.1.tgz?cache=0&sync_timestamp=1566430562325&other_urls=https%3A%2F%2Fregistry.npm.taobao.org%2Fansi-styles%2Fdownload%2Fansi-styles-3.2.1.tgz#41fbb20243e50b12be0f04b8dedbf07520ce841d"
  dependencies:
    color-convert "^1.9.0"

babylon@^6.18.0:
  version "6.18.0"
  resolved "https://registry.npm.taobao.org/babylon/download/babylon-6.18.0.tgz#af2f3b88fa6f5c1e4c634d1a0f8eac4f55b395e3"

chalk@^2.0.0:
  version "2.4.2"
  resolved "https://registry.npm.taobao.org/chalk/download/chalk-2.4.2.tgz#cd42541677a54333cf541a49108c1432b44c9424"
  dependencies:
    ansi-styles "^3.2.1"
    escape-string-regexp "^1.0.5"
    supports-color "^5.3.0"

color-convert@^1.9.0:
  version "1.9.3"
  resolved "https://registry.npm.taobao.org/color-convert/download/color-convert-1.9.3.tgz#bb71850690e1f136567de629d2d5471deda4c1e8"
  dependencies:
    color-name "1.1.3"

color-name@1.1.3:
  version "1.1.3"
  resolved "https://registry.npm.taobao.org/color-name/download/color-name-1.1.3.tgz#a7d0558bd89c42f795dd42328f740831ca53bc25"

debug@^4.1.0:
  version "4.1.1"
  resolved "https://registry.npm.taobao.org/debug/download/debug-4.1.1.tgz#3b72260255109c6b589cee050f1d516139664791"
  dependencies:
    ms "^2.1.1"

ejs@^2.7.1:
  version "2.7.1"
  resolved "https://registry.npm.taobao.org/ejs/download/ejs-2.7.1.tgz?cache=0&other_urls=https%3A%2F%2Fregistry.npm.taobao.org%2Fejs%2Fdownload%2Fejs-2.7.1.tgz#5b5ab57f718b79d4aca9254457afecd36fa80228"

escape-string-regexp@^1.0.5:
  version "1.0.5"
  resolved "https://registry.npm.taobao.org/escape-string-regexp/download/escape-string-regexp-1.0.5.tgz?cache=0&other_urls=https%3A%2F%2Fregistry.npm.taobao.org%2Fescape-string-regexp%2Fdownload%2Fescape-string-regexp-1.0.5.tgz#1b61c0562190a8dff6ae3bb2cf0200ca130b86d4"

esutils@^2.0.2:
  version "2.0.3"
  resolved "https://registry.npm.taobao.org/esutils/download/esutils-2.0.3.tgz#74d2eb4de0b8da1293711910d50775b9b710ef64"

globals@^11.1.0:
  version "11.12.0"
  resolved "https://registry.npm.taobao.org/globals/download/globals-11.12.0.tgz#ab8795338868a0babd8525758018c2a7eb95c42e"

has-flag@^3.0.0:
  version "3.0.0"
  resolved "https://registry.npm.taobao.org/has-flag/download/has-flag-3.0.0.tgz#b5d454dc2199ae225699f3467e5a07f3b955bafd"

js-tokens@^4.0.0:
  version "4.0.0"
  resolved "https://registry.npm.taobao.org/js-tokens/download/js-tokens-4.0.0.tgz#19203fb59991df98e3a287050d4647cdeaf32499"

jsesc@^2.5.1:
  version "2.5.2"
  resolved "https://registry.npm.taobao.org/jsesc/download/jsesc-2.5.2.tgz#80564d2e483dacf6e8ef209650a67df3f0c283a4"

lodash@^4.17.13:
  version "4.17.21"
  resolved "https://registry.yarnpkg.com/lodash/-/lodash-4.17.21.tgz#679591c564c3bffaae8454cf0b3df370c3d6911c"

ms@^2.1.1:
  version "2.1.2"
  resolved "https://registry.npm.taobao.org/ms/download/ms-2.1.2.tgz#d09d1f357b443f493382a8eb3ccd183872ae6009"

source-map@^0.5.0:
  version "0.5.7"
  resolved "https://registry.npm.taobao.org/source-map/download/source-map-0.5.7.tgz#8a039d2d1021d22d1ea14c80d8ea468ba2ef3fcc"

supports-color@^5.3.0:
  version "5.5.0"
  resolved "https://registry.npm.taobao.org/supports-color/download/supports-color-5.5.0.tgz?cache=0&other_urls=https%3A%2F%2Fregistry.npm.taobao.org%2Fsupports-color%2Fdownload%2Fsupports-color-5.5.0.tgz#e2e69a44ac8772f78a1ec0b35b689df6530efc8f"
  dependencies:
    has-flag "^3.0.0"

tapable@^1.1.3:
  version "1.1.3"
  resolved "https://registry.npm.taobao.org/tapable/download/tapable-1.1.3.tgz#a1fccc06b58db61fd7a45da2da44f5f3a3e67ba2"

to-fast-properties@^2.0.0:
  version "2.0.0"
  resolved "https://registry.npm.taobao.org/to-fast-properties/download/to-fast-properties-2.0.0.tgz#dc5e698cbd079265bc73e0377681a4e4e83f616e"
